{
  "name": "listam-appling",
  "lockfileVersion": 3,
  "requires": true,
  "packages": {
    "": {
      "name": "listam-appling",
      "devDependencies": {
        "cmake-pear": "^3.0.2"
      }
    },
    "node_modules/cmake-app-image": {
      "version": "1.0.3",
      "resolved": "https://registry.npmjs.org/cmake-app-image/-/cmake-app-image-1.0.3.tgz",
      "integrity": "sha512-KcIY3oWcWRIQVW8jKh1GLx5KJUWgCeNseAxozT5NXuf1P+H0AP7W9mS71JA8fco3zyNuWuPvH/OpIbMo0lU12A==",
      "dev": true,
      "license": "Apache-2.0"
    },
    "node_modules/cmake-bare": {
      "version": "1.8.0",
      "resolved": "https://registry.npmjs.org/cmake-bare/-/cmake-bare-1.8.0.tgz",
      "integrity": "sha512-dUE5i9Drhp8ZVnQ57RiHXqVpZ5iBondpIsgAmQ/VBmgkCy1g5F+mFX8e/FM7kwSKgKxtra+pREzhDGundZKxvw==",
      "dev": true,
      "license": "Apache-2.0",
      "dependencies": {
        "cmake-npm": "^1.1.0"
      }
    },
    "node_modules/cmake-fetch": {
      "version": "1.5.1",
      "resolved": "https://registry.npmjs.org/cmake-fetch/-/cmake-fetch-1.5.1.tgz",
      "integrity": "sha512-A6P0gp1sFSjFfJQR32xnvneHVcGmyBatseQrxsf+U/F1b+2MpS5kgxSPQmTOuNqjNSr7eFlQqyXlc3d3Mu3a8g==",
      "dev": true,
      "license": "Apache-2.0"
    },
    "node_modules/cmake-macos": {
      "version": "1.0.0",
      "resolved": "https://registry.npmjs.org/cmake-macos/-/cmake-macos-1.0.0.tgz",
      "integrity": "sha512-WOzzUHzflynXF8c7m5CESz49vVtej+5l7kSdupg9hXXmT2AxgD2YBqWCbvcanxHeV8EIZTTWSO1VE40UFx4V/A==",
      "dev": true,
      "license": "Apache-2.0"
    },
    "node_modules/cmake-msix": {
      "version": "1.0.3",
      "resolved": "https://registry.npmjs.org/cmake-msix/-/cmake-msix-1.0.3.tgz",
      "integrity": "sha512-OoUbHjkJbC8ojjNhx3bRSUCI7asS2rUKPygo6M6FxWLWLyQLBU66QHrsi5JdgcxA7JR5vK90MA01qdSW/S3aTQ==",
      "dev": true,
      "license": "Apache-2.0",
      "dependencies": {
        "cmake-windows": "^1.0.0"
      }
    },
    "node_modules/cmake-npm": {
      "version": "1.1.2",
      "resolved": "https://registry.npmjs.org/cmake-npm/-/cmake-npm-1.1.2.tgz",
      "integrity": "sha512-CfN53Ov9usNBeaIsr8TtEQwwXeRZkJWZSoGe0qybr9bojxGlwTdxHk8LQwJFNypsSgFoYyOWUMjKGuahsiGifA==",
      "dev": true,
      "license": "Apache-2.0"
    },
    "node_modules/cmake-pear": {
      "version": "3.0.5",
      "resolved": "https://registry.npmjs.org/cmake-pear/-/cmake-pear-3.0.5.tgz",
      "integrity": "sha512-+AX7i1bDoohBdQKMvwFC/IUQamEaO6Ch0YfSi2EfNYgqfhLvI4mjou8Dy9urZRcobp20ptZsBZfjNU9qNPRa/A==",
      "dev": true,
      "license": "Apache-2.0",
      "dependencies": {
        "cmake-app-image": "^1.0.0",
        "cmake-bare": "^1.1.17",
        "cmake-fetch": "^1.4.1",
        "cmake-macos": "^1.0.0",
        "cmake-msix": "^1.0.1",
        "cmake-windows": "^1.0.0"
      }
    },
    "node_modules/cmake-windows": {
      "version": "1.0.1",
      "resolved": "https://registry.npmjs.org/cmake-windows/-/cmake-windows-1.0.1.tgz",
      "integrity": "sha512-H1r2qUaP93XWNrd26g5/gnp5S/O/nZlgHkhFdsNxFKZLvcRkZyCgV7sPNQmpQPDSjo51Mi4z5poN/zMiMPKuZQ==",
      "dev": true,
      "license": "Apache-2.0"
    }
  }
}
